
Microsoft Visual Studio Solution File, Format Version 12.00
# Visual Studio Version 17
VisualStudioVersion = 17.3.32901.215
MinimumVisualStudioVersion = 10.0.40219.1
Project("{9A19103F-16F7-4668-BE54-9A1E7A4F7556}") = "alonso_nicolas_primer_parcial_labo", "alonso_nicolas_primer_parcial_labo.csproj", "{4934B995-FF7E-4A67-BF1D-B22F07E72CA5}"
EndProject
Global
	GlobalSection(SolutionConfigurationPlatforms) = preSolution
		Debug|Any CPU = Debug|Any CPU
		Release|Any CPU = Release|Any CPU
	EndGlobalSection
	GlobalSection(ProjectConfigurationPlatforms) = postSolution
		{4934B995-FF7E-4A67-BF1D-B22F07E72CA5}.Debug|Any CPU.ActiveCfg = Debug|Any CPU
		{4934B995-FF7E-4A67-BF1D-B22F07E72CA5}.Debug|Any CPU.Build.0 = Debug|Any CPU
		{4934B995-FF7E-4A67-BF1D-B22F07E72CA5}.Release|Any CPU.ActiveCfg = Release|Any CPU
		{4934B995-FF7E-4A67-BF1D-B22F07E72CA5}.Release|Any CPU.Build.0 = Release|Any CPU
	EndGlobalSection
	GlobalSection(SolutionProperties) = preSolution
		HideSolutionNode = FALSE
	EndGlobalSection
	GlobalSection(ExtensibilityGlobals) = postSolution
		SolutionGuid = {DE3C1562-7A29-4E96-A94B-8C8611AE67AF}
	EndGlobalSection
EndGlobal
